
Microsoft Visual Studio Solution File, Format Version 12.00
# Visual Studio Version 17
VisualStudioVersion = 17.14.37411.7 d17.14
MinimumVisualStudioVersion = 10.0.40219.1
Project("{FAE04EC0-301F-11D3-BF4B-00C04F79EFBC}") = "QueueInStack", "QueueInStack.csproj", "{42828BD6-79B0-410D-B9FC-73E85E6B4F48}"
EndProject
Global
	GlobalSection(SolutionConfigurationPlatforms) = preSolution
		Debug|Any CPU = Debug|Any CPU
		Release|Any CPU = Release|Any CPU
	EndGlobalSection
	GlobalSection(ProjectConfigurationPlatforms) = postSolution
		{42828BD6-79B0-410D-B9FC-73E85E6B4F48}.Debug|Any CPU.ActiveCfg = Debug|Any CPU
		{42828BD6-79B0-410D-B9FC-73E85E6B4F48}.Debug|Any CPU.Build.0 = Debug|Any CPU
		{42828BD6-79B0-410D-B9FC-73E85E6B4F48}.Release|Any CPU.ActiveCfg = Release|Any CPU
		{42828BD6-79B0-410D-B9FC-73E85E6B4F48}.Release|Any CPU.Build.0 = Release|Any CPU
	EndGlobalSection
	GlobalSection(SolutionProperties) = preSolution
		HideSolutionNode = FALSE
	EndGlobalSection
	GlobalSection(ExtensibilityGlobals) = postSolution
		SolutionGuid = {433B8B88-7389-4146-A69E-1AAD07D81C03}
	EndGlobalSection
EndGlobal
