
Microsoft Visual Studio Solution File, Format Version 12.00
# Visual Studio Version 17
VisualStudioVersion = 17.14.37411.7 d17.14
MinimumVisualStudioVersion = 10.0.40219.1
Project("{FAE04EC0-301F-11D3-BF4B-00C04F79EFBC}") = "WindowsFormsApp1", "WindowsFormsApp1.csproj", "{FFACABEE-CF79-471F-9D80-0F35B91AF3F7}"
EndProject
Global
	GlobalSection(SolutionConfigurationPlatforms) = preSolution
		Debug|Any CPU = Debug|Any CPU
		Release|Any CPU = Release|Any CPU
	EndGlobalSection
	GlobalSection(ProjectConfigurationPlatforms) = postSolution
		{FFACABEE-CF79-471F-9D80-0F35B91AF3F7}.Debug|Any CPU.ActiveCfg = Debug|Any CPU
		{FFACABEE-CF79-471F-9D80-0F35B91AF3F7}.Debug|Any CPU.Build.0 = Debug|Any CPU
		{FFACABEE-CF79-471F-9D80-0F35B91AF3F7}.Release|Any CPU.ActiveCfg = Release|Any CPU
		{FFACABEE-CF79-471F-9D80-0F35B91AF3F7}.Release|Any CPU.Build.0 = Release|Any CPU
	EndGlobalSection
	GlobalSection(SolutionProperties) = preSolution
		HideSolutionNode = FALSE
	EndGlobalSection
	GlobalSection(ExtensibilityGlobals) = postSolution
		SolutionGuid = {C91B0D01-CD98-4604-B4CB-45922D135753}
	EndGlobalSection
EndGlobal
