
Microsoft Visual Studio Solution File, Format Version 12.00
# Visual Studio Version 17
VisualStudioVersion = 17.14.37314.3 d17.14
MinimumVisualStudioVersion = 10.0.40219.1
Project("{FAE04EC0-301F-11D3-BF4B-00C04F79EFBC}") = "Examble", "Examble.csproj", "{B8F83E3D-3E23-4AEF-9D76-C6A1A7E71CC3}"
EndProject
Global
	GlobalSection(SolutionConfigurationPlatforms) = preSolution
		Debug|Any CPU = Debug|Any CPU
		Release|Any CPU = Release|Any CPU
	EndGlobalSection
	GlobalSection(ProjectConfigurationPlatforms) = postSolution
		{B8F83E3D-3E23-4AEF-9D76-C6A1A7E71CC3}.Debug|Any CPU.ActiveCfg = Debug|Any CPU
		{B8F83E3D-3E23-4AEF-9D76-C6A1A7E71CC3}.Debug|Any CPU.Build.0 = Debug|Any CPU
		{B8F83E3D-3E23-4AEF-9D76-C6A1A7E71CC3}.Release|Any CPU.ActiveCfg = Release|Any CPU
		{B8F83E3D-3E23-4AEF-9D76-C6A1A7E71CC3}.Release|Any CPU.Build.0 = Release|Any CPU
	EndGlobalSection
	GlobalSection(SolutionProperties) = preSolution
		HideSolutionNode = FALSE
	EndGlobalSection
	GlobalSection(ExtensibilityGlobals) = postSolution
		SolutionGuid = {D9BE5733-7A5F-4B64-84CC-A638DBC1ABEC}
	EndGlobalSection
EndGlobal
