
Microsoft Visual Studio Solution File, Format Version 12.00
# Visual Studio Version 17
VisualStudioVersion = 17.14.37314.3 d17.14
MinimumVisualStudioVersion = 10.0.40219.1
Project("{FAE04EC0-301F-11D3-BF4B-00C04F79EFBC}") = "Test2", "Test2.csproj", "{38027D11-5B52-40E4-9EFA-4A777D35ADB8}"
EndProject
Global
	GlobalSection(SolutionConfigurationPlatforms) = preSolution
		Debug|Any CPU = Debug|Any CPU
		Release|Any CPU = Release|Any CPU
	EndGlobalSection
	GlobalSection(ProjectConfigurationPlatforms) = postSolution
		{38027D11-5B52-40E4-9EFA-4A777D35ADB8}.Debug|Any CPU.ActiveCfg = Debug|Any CPU
		{38027D11-5B52-40E4-9EFA-4A777D35ADB8}.Debug|Any CPU.Build.0 = Debug|Any CPU
		{38027D11-5B52-40E4-9EFA-4A777D35ADB8}.Release|Any CPU.ActiveCfg = Release|Any CPU
		{38027D11-5B52-40E4-9EFA-4A777D35ADB8}.Release|Any CPU.Build.0 = Release|Any CPU
	EndGlobalSection
	GlobalSection(SolutionProperties) = preSolution
		HideSolutionNode = FALSE
	EndGlobalSection
	GlobalSection(ExtensibilityGlobals) = postSolution
		SolutionGuid = {803FC9E0-D620-4194-A59F-327038FD3DC6}
	EndGlobalSection
EndGlobal
